
Microsoft Visual Studio Solution File, Format Version 12.00
# Visual Studio Version 17
VisualStudioVersion = 17.8.34330.188
MinimumVisualStudioVersion = 10.0.40219.1
Project("{8BC9CEB8-8B4A-11D0-8D11-00A0C91BC942}") = "Tower_OF_Hanoi3", "Tower_OF_Hanoi3\Tower_OF_Hanoi3.vcxproj", "{DCA88068-A7A0-47CF-8960-F69CBF2495FA}"
EndProject
Global
	GlobalSection(SolutionConfigurationPlatforms) = preSolution
		Debug|x64 = Debug|x64
		Debug|x86 = Debug|x86
		Release|x64 = Release|x64
		Release|x86 = Release|x86
	EndGlobalSection
	GlobalSection(ProjectConfigurationPlatforms) = postSolution
		{DCA88068-A7A0-47CF-8960-F69CBF2495FA}.Debug|x64.ActiveCfg = Debug|x64
		{DCA88068-A7A0-47CF-8960-F69CBF2495FA}.Debug|x64.Build.0 = Debug|x64
		{DCA88068-A7A0-47CF-8960-F69CBF2495FA}.Debug|x86.ActiveCfg = Debug|Win32
		{DCA88068-A7A0-47CF-8960-F69CBF2495FA}.Debug|x86.Build.0 = Debug|Win32
		{DCA88068-A7A0-47CF-8960-F69CBF2495FA}.Release|x64.ActiveCfg = Release|x64
		{DCA88068-A7A0-47CF-8960-F69CBF2495FA}.Release|x64.Build.0 = Release|x64
		{DCA88068-A7A0-47CF-8960-F69CBF2495FA}.Release|x86.ActiveCfg = Release|Win32
		{DCA88068-A7A0-47CF-8960-F69CBF2495FA}.Release|x86.Build.0 = Release|Win32
	EndGlobalSection
	GlobalSection(SolutionProperties) = preSolution
		HideSolutionNode = FALSE
	EndGlobalSection
	GlobalSection(ExtensibilityGlobals) = postSolution
		SolutionGuid = {195779B9-B5AB-4ABE-840A-73146FF071F7}
	EndGlobalSection
EndGlobal
